
Microsoft Visual Studio Solution File, Format Version 12.00
# Visual Studio Version 17
VisualStudioVersion = 17.14.36401.2 d17.14
MinimumVisualStudioVersion = 10.0.40219.1
Project("{FAE04EC0-301F-11D3-BF4B-00C04F79EFBC}") = "checkdemo", "WindowsFormsApp2\checkdemo.csproj", "{EDF93B52-ADE6-41CB-980A-021001A0597E}"
EndProject
Global
	GlobalSection(SolutionConfigurationPlatforms) = preSolution
		Debug|Any CPU = Debug|Any CPU
		Release|Any CPU = Release|Any CPU
	EndGlobalSection
	GlobalSection(ProjectConfigurationPlatforms) = postSolution
		{EDF93B52-ADE6-41CB-980A-021001A0597E}.Debug|Any CPU.ActiveCfg = Debug|Any CPU
		{EDF93B52-ADE6-41CB-980A-021001A0597E}.Debug|Any CPU.Build.0 = Debug|Any CPU
		{EDF93B52-ADE6-41CB-980A-021001A0597E}.Release|Any CPU.ActiveCfg = Release|Any CPU
		{EDF93B52-ADE6-41CB-980A-021001A0597E}.Release|Any CPU.Build.0 = Release|Any CPU
	EndGlobalSection
	GlobalSection(SolutionProperties) = preSolution
		HideSolutionNode = FALSE
	EndGlobalSection
	GlobalSection(ExtensibilityGlobals) = postSolution
		SolutionGuid = {9565DFDE-FA3B-4EE8-B8B6-0EA5ABF2C5B6}
	EndGlobalSection
EndGlobal
