
Microsoft Visual Studio Solution File, Format Version 12.00
# Visual Studio Version 17
VisualStudioVersion = 17.14.36401.2 d17.14
MinimumVisualStudioVersion = 10.0.40219.1
Project("{FAE04EC0-301F-11D3-BF4B-00C04F79EFBC}") = "WindowsFormsApp2", "WindowsFormsApp2\WindowsFormsApp2.csproj", "{6C224267-94F2-44B8-9D64-FA9393193F68}"
EndProject
Global
	GlobalSection(SolutionConfigurationPlatforms) = preSolution
		Debug|Any CPU = Debug|Any CPU
		Release|Any CPU = Release|Any CPU
	EndGlobalSection
	GlobalSection(ProjectConfigurationPlatforms) = postSolution
		{6C224267-94F2-44B8-9D64-FA9393193F68}.Debug|Any CPU.ActiveCfg = Debug|Any CPU
		{6C224267-94F2-44B8-9D64-FA9393193F68}.Debug|Any CPU.Build.0 = Debug|Any CPU
		{6C224267-94F2-44B8-9D64-FA9393193F68}.Release|Any CPU.ActiveCfg = Release|Any CPU
		{6C224267-94F2-44B8-9D64-FA9393193F68}.Release|Any CPU.Build.0 = Release|Any CPU
	EndGlobalSection
	GlobalSection(SolutionProperties) = preSolution
		HideSolutionNode = FALSE
	EndGlobalSection
	GlobalSection(ExtensibilityGlobals) = postSolution
		SolutionGuid = {6768704E-8A89-418F-AB9E-4126F8D2BFE8}
	EndGlobalSection
EndGlobal
