
Microsoft Visual Studio Solution File, Format Version 12.00
# Visual Studio Version 17
VisualStudioVersion = 17.14.36401.2 d17.14
MinimumVisualStudioVersion = 10.0.40219.1
Project("{FAE04EC0-301F-11D3-BF4B-00C04F79EFBC}") = "multiplecodinitionsdemo", "multiplecodinitionsdemo\multiplecodinitionsdemo.csproj", "{DD8B5C2A-2136-482C-B083-6F5DD8A3B7CC}"
EndProject
Global
	GlobalSection(SolutionConfigurationPlatforms) = preSolution
		Debug|Any CPU = Debug|Any CPU
		Release|Any CPU = Release|Any CPU
	EndGlobalSection
	GlobalSection(ProjectConfigurationPlatforms) = postSolution
		{DD8B5C2A-2136-482C-B083-6F5DD8A3B7CC}.Debug|Any CPU.ActiveCfg = Debug|Any CPU
		{DD8B5C2A-2136-482C-B083-6F5DD8A3B7CC}.Debug|Any CPU.Build.0 = Debug|Any CPU
		{DD8B5C2A-2136-482C-B083-6F5DD8A3B7CC}.Release|Any CPU.ActiveCfg = Release|Any CPU
		{DD8B5C2A-2136-482C-B083-6F5DD8A3B7CC}.Release|Any CPU.Build.0 = Release|Any CPU
	EndGlobalSection
	GlobalSection(SolutionProperties) = preSolution
		HideSolutionNode = FALSE
	EndGlobalSection
	GlobalSection(ExtensibilityGlobals) = postSolution
		SolutionGuid = {85F591CE-F89C-4C88-BAA5-AD88CA1F1B40}
	EndGlobalSection
EndGlobal
