
Microsoft Visual Studio Solution File, Format Version 12.00
# Visual Studio Version 17
VisualStudioVersion = 17.14.36401.2 d17.14
MinimumVisualStudioVersion = 10.0.40219.1
Project("{FAE04EC0-301F-11D3-BF4B-00C04F79EFBC}") = "Tutorial_2_3", "Tutorial_2_3.csproj", "{0EB7FBB3-959F-41CA-B0F0-9AC83FC3317B}"
EndProject
Global
	GlobalSection(SolutionConfigurationPlatforms) = preSolution
		Debug|Any CPU = Debug|Any CPU
		Release|Any CPU = Release|Any CPU
	EndGlobalSection
	GlobalSection(ProjectConfigurationPlatforms) = postSolution
		{0EB7FBB3-959F-41CA-B0F0-9AC83FC3317B}.Debug|Any CPU.ActiveCfg = Debug|Any CPU
		{0EB7FBB3-959F-41CA-B0F0-9AC83FC3317B}.Debug|Any CPU.Build.0 = Debug|Any CPU
		{0EB7FBB3-959F-41CA-B0F0-9AC83FC3317B}.Release|Any CPU.ActiveCfg = Release|Any CPU
		{0EB7FBB3-959F-41CA-B0F0-9AC83FC3317B}.Release|Any CPU.Build.0 = Release|Any CPU
	EndGlobalSection
	GlobalSection(SolutionProperties) = preSolution
		HideSolutionNode = FALSE
	EndGlobalSection
	GlobalSection(ExtensibilityGlobals) = postSolution
		SolutionGuid = {A96F0E1B-E1A8-47FF-A99B-9C8341459B47}
	EndGlobalSection
EndGlobal
